
Microsoft Visual Studio Solution File, Format Version 12.00
# Visual Studio Version 17
VisualStudioVersion = 17.0.31903.59
MinimumVisualStudioVersion = 10.0.40219.1
Project("{9A19103F-16F7-4668-BE54-9A1E7A4F7556}") = "FlyingDuchmanAirlines", "src\FlyingDuchmanAirlines\FlyingDuchmanAirlines.csproj", "{8F044CD4-DEE3-4A5B-9F73-C769E8EE1503}"
EndProject
Project("{FAE04EC0-301F-11D3-BF4B-00C04F79EFBC}") = "FlyingDutchmanAirlines_Tests", "src\FlyingDutchmanAirlines_Tests\FlyingDutchmanAirlines_Tests.csproj", "{B6098CE2-D543-4875-B01A-40373226B3C8}"
EndProject
Global
	GlobalSection(SolutionConfigurationPlatforms) = preSolution
		Debug|Any CPU = Debug|Any CPU
		Release|Any CPU = Release|Any CPU
	EndGlobalSection
	GlobalSection(ProjectConfigurationPlatforms) = postSolution
		{8F044CD4-DEE3-4A5B-9F73-C769E8EE1503}.Debug|Any CPU.ActiveCfg = Debug|Any CPU
		{8F044CD4-DEE3-4A5B-9F73-C769E8EE1503}.Debug|Any CPU.Build.0 = Debug|Any CPU
		{8F044CD4-DEE3-4A5B-9F73-C769E8EE1503}.Release|Any CPU.ActiveCfg = Release|Any CPU
		{8F044CD4-DEE3-4A5B-9F73-C769E8EE1503}.Release|Any CPU.Build.0 = Release|Any CPU
		{B6098CE2-D543-4875-B01A-40373226B3C8}.Debug|Any CPU.ActiveCfg = Debug|Any CPU
		{B6098CE2-D543-4875-B01A-40373226B3C8}.Debug|Any CPU.Build.0 = Debug|Any CPU
		{B6098CE2-D543-4875-B01A-40373226B3C8}.Release|Any CPU.ActiveCfg = Release|Any CPU
		{B6098CE2-D543-4875-B01A-40373226B3C8}.Release|Any CPU.Build.0 = Release|Any CPU
	EndGlobalSection
	GlobalSection(SolutionProperties) = preSolution
		HideSolutionNode = FALSE
	EndGlobalSection
EndGlobal
